
Microsoft Visual Studio Solution File, Format Version 12.00
# Visual Studio Version 17
VisualStudioVersion = 17.0.32014.148
MinimumVisualStudioVersion = 10.0.40219.1
Project("{9A19103F-16F7-4668-BE54-9A1E7A4F7556}") = "VISMAtas", "VISMAtas\VISMAtas.csproj", "{59CAA542-C6A0-4AD9-816B-07683F28397D}"
EndProject
Project("{FAE04EC0-301F-11D3-BF4B-00C04F79EFBC}") = "TestProject1", "TestProject1\TestProject1.csproj", "{D68D5B98-AFDE-40ED-A15D-59D111F19F34}"
EndProject
Global
	GlobalSection(SolutionConfigurationPlatforms) = preSolution
		Debug|Any CPU = Debug|Any CPU
		Release|Any CPU = Release|Any CPU
	EndGlobalSection
	GlobalSection(ProjectConfigurationPlatforms) = postSolution
		{59CAA542-C6A0-4AD9-816B-07683F28397D}.Debug|Any CPU.ActiveCfg = Debug|Any CPU
		{59CAA542-C6A0-4AD9-816B-07683F28397D}.Debug|Any CPU.Build.0 = Debug|Any CPU
		{59CAA542-C6A0-4AD9-816B-07683F28397D}.Release|Any CPU.ActiveCfg = Release|Any CPU
		{59CAA542-C6A0-4AD9-816B-07683F28397D}.Release|Any CPU.Build.0 = Release|Any CPU
		{D68D5B98-AFDE-40ED-A15D-59D111F19F34}.Debug|Any CPU.ActiveCfg = Debug|Any CPU
		{D68D5B98-AFDE-40ED-A15D-59D111F19F34}.Debug|Any CPU.Build.0 = Debug|Any CPU
		{D68D5B98-AFDE-40ED-A15D-59D111F19F34}.Release|Any CPU.ActiveCfg = Release|Any CPU
		{D68D5B98-AFDE-40ED-A15D-59D111F19F34}.Release|Any CPU.Build.0 = Release|Any CPU
	EndGlobalSection
	GlobalSection(SolutionProperties) = preSolution
		HideSolutionNode = FALSE
	EndGlobalSection
	GlobalSection(ExtensibilityGlobals) = postSolution
		SolutionGuid = {B896C893-D315-46B9-8EE1-51A841F5209A}
	EndGlobalSection
EndGlobal
