
Microsoft Visual Studio Solution File, Format Version 12.00
# Visual Studio Version 17
VisualStudioVersion = 17.0.32014.148
MinimumVisualStudioVersion = 10.0.40219.1
Project("{FAE04EC0-301F-11D3-BF4B-00C04F79EFBC}") = "VISMAtas", "VISMAtas\VISMAtas.csproj", "{59CAA542-C6A0-4AD9-816B-07683F28397D}"
EndProject
Global
	GlobalSection(SolutionConfigurationPlatforms) = preSolution
		Debug|Any CPU = Debug|Any CPU
		Release|Any CPU = Release|Any CPU
	EndGlobalSection
	GlobalSection(ProjectConfigurationPlatforms) = postSolution
		{59CAA542-C6A0-4AD9-816B-07683F28397D}.Debug|Any CPU.ActiveCfg = Debug|Any CPU
		{59CAA542-C6A0-4AD9-816B-07683F28397D}.Debug|Any CPU.Build.0 = Debug|Any CPU
		{59CAA542-C6A0-4AD9-816B-07683F28397D}.Release|Any CPU.ActiveCfg = Release|Any CPU
		{59CAA542-C6A0-4AD9-816B-07683F28397D}.Release|Any CPU.Build.0 = Release|Any CPU
	EndGlobalSection
	GlobalSection(SolutionProperties) = preSolution
		HideSolutionNode = FALSE
	EndGlobalSection
	GlobalSection(ExtensibilityGlobals) = postSolution
		SolutionGuid = {B896C893-D315-46B9-8EE1-51A841F5209A}
	EndGlobalSection
EndGlobal
